// !$*UTF8*$!
{
	archiveVersion = 1;
	classes = {
	};
	objectVersion = 46;
	objects = {

/* Begin PBXBuildFile section */
		F4D41DE11AD46B110000D4F8 /* HackerTyperView.h in Headers */ = {isa = PBXBuildFile; fileRef = F4D41DE01AD46B110000D4F8 /* HackerTyperView.h */; };
		F4D41DE31AD46B110000D4F8 /* HackerTyperView.m in Sources */ = {isa = PBXBuildFile; fileRef = F4D41DE21AD46B110000D4F8 /* HackerTyperView.m */; };
		F4D41DF71AD46B320000D4F8 /* index.html in Resources */ = {isa = PBXBuildFile; fileRef = F4D41DF21AD46B320000D4F8 /* index.html */; };
		F4D41DF91AD46D510000D4F8 /* HackerTyper.saver in CopyFiles */ = {isa = PBXBuildFile; fileRef = F4D41DDB1AD46B110000D4F8 /* HackerTyper.saver */; };
		F4D41DFC1AD57EC00000D4F8 /* style.css in CopyFiles */ = {isa = PBXBuildFile; fileRef = F4D41DEC1AD46B320000D4F8 /* style.css */; };
		F4D41DFE1AD57ED10000D4F8 /* script.js in CopyFiles */ = {isa = PBXBuildFile; fileRef = F4D41DEF1AD46B320000D4F8 /* script.js */; };
		F4D41DFF1AD57ED10000D4F8 /* jquery.min.js in CopyFiles */ = {isa = PBXBuildFile; fileRef = F4D41DEE1AD46B320000D4F8 /* jquery.min.js */; };
		F4D41E011AD57EEA0000D4F8 /* kernel.txt in CopyFiles */ = {isa = PBXBuildFile; fileRef = F4D41DF11AD46B320000D4F8 /* kernel.txt */; };
/* End PBXBuildFile section */

/* Begin PBXCopyFilesBuildPhase section */
		F4D41DF81AD46D3B0000D4F8 /* CopyFiles */ = {
			isa = PBXCopyFilesBuildPhase;
			buildActionMask = 2147483647;
			dstPath = "~/Library/Screen Savers";
			dstSubfolderSpec = 0;
			files = (
				F4D41DF91AD46D510000D4F8 /* HackerTyper.saver in CopyFiles */,
			);
			runOnlyForDeploymentPostprocessing = 0;
		};
		F4D41DFB1AD57EAD0000D4F8 /* CopyFiles */ = {
			isa = PBXCopyFilesBuildPhase;
			buildActionMask = 2147483647;
			dstPath = _/css;
			dstSubfolderSpec = 7;
			files = (
				F4D41DFC1AD57EC00000D4F8 /* style.css in CopyFiles */,
			);
			runOnlyForDeploymentPostprocessing = 0;
		};
		F4D41DFD1AD57EC80000D4F8 /* CopyFiles */ = {
			isa = PBXCopyFilesBuildPhase;
			buildActionMask = 2147483647;
			dstPath = _/js;
			dstSubfolderSpec = 7;
			files = (
				F4D41DFE1AD57ED10000D4F8 /* script.js in CopyFiles */,
				F4D41DFF1AD57ED10000D4F8 /* jquery.min.js in CopyFiles */,
			);
			runOnlyForDeploymentPostprocessing = 0;
		};
		F4D41E001AD57EE10000D4F8 /* CopyFiles */ = {
			isa = PBXCopyFilesBuildPhase;
			buildActionMask = 2147483647;
			dstPath = _/misc;
			dstSubfolderSpec = 7;
			files = (
				F4D41E011AD57EEA0000D4F8 /* kernel.txt in CopyFiles */,
			);
			runOnlyForDeploymentPostprocessing = 0;
		};
/* End PBXCopyFilesBuildPhase section */

/* Begin PBXFileReference section */
		F4D41DDB1AD46B110000D4F8 /* HackerTyper.saver */ = {isa = PBXFileReference; explicitFileType = wrapper.cfbundle; includeInIndex = 0; path = HackerTyper.saver; sourceTree = BUILT_PRODUCTS_DIR; };
		F4D41DDF1AD46B110000D4F8 /* Info.plist */ = {isa = PBXFileReference; lastKnownFileType = text.plist.xml; path = Info.plist; sourceTree = "<group>"; };
		F4D41DE01AD46B110000D4F8 /* HackerTyperView.h */ = {isa = PBXFileReference; lastKnownFileType = sourcecode.c.h; path = HackerTyperView.h; sourceTree = "<group>"; };
		F4D41DE21AD46B110000D4F8 /* HackerTyperView.m */ = {isa = PBXFileReference; lastKnownFileType = sourcecode.c.objc; path = HackerTyperView.m; sourceTree = "<group>"; };
		F4D41DEC1AD46B320000D4F8 /* style.css */ = {isa = PBXFileReference; fileEncoding = 4; lastKnownFileType = text.css; path = style.css; sourceTree = "<group>"; };
		F4D41DEE1AD46B320000D4F8 /* jquery.min.js */ = {isa = PBXFileReference; fileEncoding = 4; lastKnownFileType = sourcecode.javascript; path = jquery.min.js; sourceTree = "<group>"; };
		F4D41DEF1AD46B320000D4F8 /* script.js */ = {isa = PBXFileReference; fileEncoding = 4; lastKnownFileType = sourcecode.javascript; path = script.js; sourceTree = "<group>"; };
		F4D41DF11AD46B320000D4F8 /* kernel.txt */ = {isa = PBXFileReference; fileEncoding = 4; lastKnownFileType = text; path = kernel.txt; sourceTree = "<group>"; };
		F4D41DF21AD46B320000D4F8 /* index.html */ = {isa = PBXFileReference; fileEncoding = 4; lastKnownFileType = text.html; name = index.html; path = hackertyper.net/index.html; sourceTree = "<group>"; };
/* End PBXFileReference section */

/* Begin PBXFrameworksBuildPhase section */
		F4D41DD71AD46B110000D4F8 /* Frameworks */ = {
			isa = PBXFrameworksBuildPhase;
			buildActionMask = 2147483647;
			files = (
			);
			runOnlyForDeploymentPostprocessing = 0;
		};
/* End PBXFrameworksBuildPhase section */

/* Begin PBXGroup section */
		F4D41DD11AD46B110000D4F8 = {
			isa = PBXGroup;
			children = (
				F4D41DDD1AD46B110000D4F8 /* HackerTyper */,
				F4D41DDC1AD46B110000D4F8 /* Products */,
			);
			sourceTree = "<group>";
		};
		F4D41DDC1AD46B110000D4F8 /* Products */ = {
			isa = PBXGroup;
			children = (
				F4D41DDB1AD46B110000D4F8 /* HackerTyper.saver */,
			);
			name = Products;
			sourceTree = "<group>";
		};
		F4D41DDD1AD46B110000D4F8 /* HackerTyper */ = {
			isa = PBXGroup;
			children = (
				F4D41DE01AD46B110000D4F8 /* HackerTyperView.h */,
				F4D41DE21AD46B110000D4F8 /* HackerTyperView.m */,
				F4D41DDE1AD46B110000D4F8 /* Supporting Files */,
			);
			path = HackerTyper;
			sourceTree = "<group>";
		};
		F4D41DDE1AD46B110000D4F8 /* Supporting Files */ = {
			isa = PBXGroup;
			children = (
				F4D41DEA1AD46B320000D4F8 /* _ */,
				F4D41DF21AD46B320000D4F8 /* index.html */,
				F4D41DDF1AD46B110000D4F8 /* Info.plist */,
			);
			name = "Supporting Files";
			sourceTree = "<group>";
		};
		F4D41DEA1AD46B320000D4F8 /* _ */ = {
			isa = PBXGroup;
			children = (
				F4D41DEB1AD46B320000D4F8 /* css */,
				F4D41DED1AD46B320000D4F8 /* js */,
				F4D41DF01AD46B320000D4F8 /* misc */,
			);
			name = _;
			path = hackertyper.net/_;
			sourceTree = "<group>";
		};
		F4D41DEB1AD46B320000D4F8 /* css */ = {
			isa = PBXGroup;
			children = (
				F4D41DEC1AD46B320000D4F8 /* style.css */,
			);
			path = css;
			sourceTree = "<group>";
		};
		F4D41DED1AD46B320000D4F8 /* js */ = {
			isa = PBXGroup;
			children = (
				F4D41DEF1AD46B320000D4F8 /* script.js */,
				F4D41DEE1AD46B320000D4F8 /* jquery.min.js */,
			);
			path = js;
			sourceTree = "<group>";
		};
		F4D41DF01AD46B320000D4F8 /* misc */ = {
			isa = PBXGroup;
			children = (
				F4D41DF11AD46B320000D4F8 /* kernel.txt */,
			);
			path = misc;
			sourceTree = "<group>";
		};
/* End PBXGroup section */

/* Begin PBXHeadersBuildPhase section */
		F4D41DD81AD46B110000D4F8 /* Headers */ = {
			isa = PBXHeadersBuildPhase;
			buildActionMask = 2147483647;
			files = (
				F4D41DE11AD46B110000D4F8 /* HackerTyperView.h in Headers */,
			);
			runOnlyForDeploymentPostprocessing = 0;
		};
/* End PBXHeadersBuildPhase section */

/* Begin PBXNativeTarget section */
		F4D41DDA1AD46B110000D4F8 /* HackerTyper */ = {
			isa = PBXNativeTarget;
			buildConfigurationList = F4D41DE61AD46B110000D4F8 /* Build configuration list for PBXNativeTarget "HackerTyper" */;
			buildPhases = (
				F4D41DD61AD46B110000D4F8 /* Sources */,
				F4D41DD71AD46B110000D4F8 /* Frameworks */,
				F4D41DD81AD46B110000D4F8 /* Headers */,
				F4D41DD91AD46B110000D4F8 /* Resources */,
				F4D41DF81AD46D3B0000D4F8 /* CopyFiles */,
				F4D41DFB1AD57EAD0000D4F8 /* CopyFiles */,
				F4D41DFD1AD57EC80000D4F8 /* CopyFiles */,
				F4D41E001AD57EE10000D4F8 /* CopyFiles */,
			);
			buildRules = (
			);
			dependencies = (
			);
			name = HackerTyper;
			productName = HackerTyper;
			productReference = F4D41DDB1AD46B110000D4F8 /* HackerTyper.saver */;
			productType = "com.apple.product-type.bundle";
		};
/* End PBXNativeTarget section */

/* Begin PBXProject section */
		F4D41DD21AD46B110000D4F8 /* Project object */ = {
			isa = PBXProject;
			attributes = {
				LastUpgradeCheck = 0620;
				ORGANIZATIONNAME = "Simon Fransson";
				TargetAttributes = {
					F4D41DDA1AD46B110000D4F8 = {
						CreatedOnToolsVersion = 6.2;
					};
				};
			};
			buildConfigurationList = F4D41DD51AD46B110000D4F8 /* Build configuration list for PBXProject "HackerTyper" */;
			compatibilityVersion = "Xcode 3.2";
			developmentRegion = English;
			hasScannedForEncodings = 0;
			knownRegions = (
				en,
			);
			mainGroup = F4D41DD11AD46B110000D4F8;
			productRefGroup = F4D41DDC1AD46B110000D4F8 /* Products */;
			projectDirPath = "";
			projectRoot = "";
			targets = (
				F4D41DDA1AD46B110000D4F8 /* HackerTyper */,
			);
		};
/* End PBXProject section */

/* Begin PBXResourcesBuildPhase section */
		F4D41DD91AD46B110000D4F8 /* Resources */ = {
			isa = PBXResourcesBuildPhase;
			buildActionMask = 2147483647;
			files = (
				F4D41DF71AD46B320000D4F8 /* index.html in Resources */,
			);
			runOnlyForDeploymentPostprocessing = 0;
		};
/* End PBXResourcesBuildPhase section */

/* Begin PBXSourcesBuildPhase section */
		F4D41DD61AD46B110000D4F8 /* Sources */ = {
			isa = PBXSourcesBuildPhase;
			buildActionMask = 2147483647;
			files = (
				F4D41DE31AD46B110000D4F8 /* HackerTyperView.m in Sources */,
			);
			runOnlyForDeploymentPostprocessing = 0;
		};
/* End PBXSourcesBuildPhase section */

/* Begin XCBuildConfiguration section */
		F4D41DE41AD46B110000D4F8 /* Debug */ = {
			isa = XCBuildConfiguration;
			buildSettings = {
				ALWAYS_SEARCH_USER_PATHS = NO;
				CLANG_CXX_LANGUAGE_STANDARD = "gnu++0x";
				CLANG_CXX_LIBRARY = "libc++";
				CLANG_ENABLE_MODULES = YES;
				CLANG_ENABLE_OBJC_ARC = YES;
				CLANG_WARN_BOOL_CONVERSION = YES;
				CLANG_WARN_CONSTANT_CONVERSION = YES;
				CLANG_WARN_DIRECT_OBJC_ISA_USAGE = YES_ERROR;
				CLANG_WARN_EMPTY_BODY = YES;
				CLANG_WARN_ENUM_CONVERSION = YES;
				CLANG_WARN_INT_CONVERSION = YES;
				CLANG_WARN_OBJC_ROOT_CLASS = YES_ERROR;
				CLANG_WARN_UNREACHABLE_CODE = YES;
				CLANG_WARN__DUPLICATE_METHOD_MATCH = YES;
				COPY_PHASE_STRIP = NO;
				ENABLE_STRICT_OBJC_MSGSEND = YES;
				GCC_C_LANGUAGE_STANDARD = gnu99;
				GCC_DYNAMIC_NO_PIC = NO;
				GCC_OPTIMIZATION_LEVEL = 0;
				GCC_PREPROCESSOR_DEFINITIONS = (
					"DEBUG=1",
					"$(inherited)",
				);
				GCC_SYMBOLS_PRIVATE_EXTERN = NO;
				GCC_WARN_64_TO_32_BIT_CONVERSION = YES;
				GCC_WARN_ABOUT_RETURN_TYPE = YES_ERROR;
				GCC_WARN_UNDECLARED_SELECTOR = YES;
				GCC_WARN_UNINITIALIZED_AUTOS = YES_AGGRESSIVE;
				GCC_WARN_UNUSED_FUNCTION = YES;
				GCC_WARN_UNUSED_VARIABLE = YES;
				MACOSX_DEPLOYMENT_TARGET = 10.10;
				MTL_ENABLE_DEBUG_INFO = YES;
				ONLY_ACTIVE_ARCH = YES;
				SDKROOT = macosx;
			};
			name = Debug;
		};
		F4D41DE51AD46B110000D4F8 /* Release */ = {
			isa = XCBuildConfiguration;
			buildSettings = {
				ALWAYS_SEARCH_USER_PATHS = NO;
				CLANG_CXX_LANGUAGE_STANDARD = "gnu++0x";
				CLANG_CXX_LIBRARY = "libc++";
				CLANG_ENABLE_MODULES = YES;
				CLANG_ENABLE_OBJC_ARC = YES;
				CLANG_WARN_BOOL_CONVERSION = YES;
				CLANG_WARN_CONSTANT_CONVERSION = YES;
				CLANG_WARN_DIRECT_OBJC_ISA_USAGE = YES_ERROR;
				CLANG_WARN_EMPTY_BODY = YES;
				CLANG_WARN_ENUM_CONVERSION = YES;
				CLANG_WARN_INT_CONVERSION = YES;
				CLANG_WARN_OBJC_ROOT_CLASS = YES_ERROR;
				CLANG_WARN_UNREACHABLE_CODE = YES;
				CLANG_WARN__DUPLICATE_METHOD_MATCH = YES;
				COPY_PHASE_STRIP = NO;
				DEBUG_INFORMATION_FORMAT = "dwarf-with-dsym";
				ENABLE_NS_ASSERTIONS = NO;
				ENABLE_STRICT_OBJC_MSGSEND = YES;
				GCC_C_LANGUAGE_STANDARD = gnu99;
				GCC_WARN_64_TO_32_BIT_CONVERSION = YES;
				GCC_WARN_ABOUT_RETURN_TYPE = YES_ERROR;
				GCC_WARN_UNDECLARED_SELECTOR = YES;
				GCC_WARN_UNINITIALIZED_AUTOS = YES_AGGRESSIVE;
				GCC_WARN_UNUSED_FUNCTION = YES;
				GCC_WARN_UNUSED_VARIABLE = YES;
				MACOSX_DEPLOYMENT_TARGET = 10.10;
				MTL_ENABLE_DEBUG_INFO = NO;
				SDKROOT = macosx;
			};
			name = Release;
		};
		F4D41DE71AD46B110000D4F8 /* Debug */ = {
			isa = XCBuildConfiguration;
			buildSettings = {
				COMBINE_HIDPI_IMAGES = YES;
				INFOPLIST_FILE = HackerTyper/Info.plist;
				INSTALL_PATH = "$(HOME)/Library/Screen Savers";
				PRODUCT_NAME = "$(TARGET_NAME)";
				SYMROOT = ./Build;
				WRAPPER_EXTENSION = saver;
			};
			name = Debug;
		};
		F4D41DE81AD46B110000D4F8 /* Release */ = {
			isa = XCBuildConfiguration;
			buildSettings = {
				COMBINE_HIDPI_IMAGES = YES;
				INFOPLIST_FILE = HackerTyper/Info.plist;
				INSTALL_PATH = "$(HOME)/Library/Screen Savers";
				PRODUCT_NAME = "$(TARGET_NAME)";
				SYMROOT = ./Build;
				WRAPPER_EXTENSION = saver;
			};
			name = Release;
		};
/* End XCBuildConfiguration section */

/* Begin XCConfigurationList section */
		F4D41DD51AD46B110000D4F8 /* Build configuration list for PBXProject "HackerTyper" */ = {
			isa = XCConfigurationList;
			buildConfigurations = (
				F4D41DE41AD46B110000D4F8 /* Debug */,
				F4D41DE51AD46B110000D4F8 /* Release */,
			);
			defaultConfigurationIsVisible = 0;
			defaultConfigurationName = Release;
		};
		F4D41DE61AD46B110000D4F8 /* Build configuration list for PBXNativeTarget "HackerTyper" */ = {
			isa = XCConfigurationList;
			buildConfigurations = (
				F4D41DE71AD46B110000D4F8 /* Debug */,
				F4D41DE81AD46B110000D4F8 /* Release */,
			);
			defaultConfigurationIsVisible = 0;
		};
/* End XCConfigurationList section */
	};
	rootObject = F4D41DD21AD46B110000D4F8 /* Project object */;
}
